
Microsoft Visual Studio Solution File, Format Version 12.00
# Visual Studio Version 16
VisualStudioVersion = 16.0.32602.291
MinimumVisualStudioVersion = 10.0.40219.1
Project("{FAE04EC0-301F-11D3-BF4B-00C04F79EFBC}") = "staff data", "staff data.csproj", "{C02AF12C-7E8D-4658-8947-05A898E1EF6B}"
EndProject
Project("{FAE04EC0-301F-11D3-BF4B-00C04F79EFBC}") = "staff library", "..\staff library\staff library.csproj", "{8B0B4AD7-3E64-4BE3-B549-E8EDCCAA9E09}"
EndProject
Global
	GlobalSection(SolutionConfigurationPlatforms) = preSolution
		Debug|Any CPU = Debug|Any CPU
		Release|Any CPU = Release|Any CPU
	EndGlobalSection
	GlobalSection(ProjectConfigurationPlatforms) = postSolution
		{C02AF12C-7E8D-4658-8947-05A898E1EF6B}.Debug|Any CPU.ActiveCfg = Debug|Any CPU
		{C02AF12C-7E8D-4658-8947-05A898E1EF6B}.Debug|Any CPU.Build.0 = Debug|Any CPU
		{C02AF12C-7E8D-4658-8947-05A898E1EF6B}.Release|Any CPU.ActiveCfg = Release|Any CPU
		{C02AF12C-7E8D-4658-8947-05A898E1EF6B}.Release|Any CPU.Build.0 = Release|Any CPU
		{8B0B4AD7-3E64-4BE3-B549-E8EDCCAA9E09}.Debug|Any CPU.ActiveCfg = Debug|Any CPU
		{8B0B4AD7-3E64-4BE3-B549-E8EDCCAA9E09}.Debug|Any CPU.Build.0 = Debug|Any CPU
		{8B0B4AD7-3E64-4BE3-B549-E8EDCCAA9E09}.Release|Any CPU.ActiveCfg = Release|Any CPU
		{8B0B4AD7-3E64-4BE3-B549-E8EDCCAA9E09}.Release|Any CPU.Build.0 = Release|Any CPU
	EndGlobalSection
	GlobalSection(SolutionProperties) = preSolution
		HideSolutionNode = FALSE
	EndGlobalSection
	GlobalSection(ExtensibilityGlobals) = postSolution
		SolutionGuid = {08610CA4-3150-47A5-96C8-B9853C9CB991}
	EndGlobalSection
EndGlobal
